
Microsoft Visual Studio Solution File, Format Version 12.00
# Visual Studio Version 16
VisualStudioVersion = 16.0.30330.147
MinimumVisualStudioVersion = 10.0.40219.1
Project("{9A19103F-16F7-4668-BE54-9A1E7A4F7556}") = "Service", "Service\Service.csproj", "{4E17FECD-36D3-4F2D-AC34-35D32777860D}"
EndProject
Project("{9A19103F-16F7-4668-BE54-9A1E7A4F7556}") = "Core", "Core\Core.csproj", "{23A33A79-DE2B-49F6-9C1B-AB90D9445C10}"
EndProject
Project("{9A19103F-16F7-4668-BE54-9A1E7A4F7556}") = "DB", "DB\DB.csproj", "{3DD392B7-F12B-4DFF-BA34-74DAB9471A0C}"
EndProject
Project("{9A19103F-16F7-4668-BE54-9A1E7A4F7556}") = "UI", "UI\UI.csproj", "{F960A8FE-254B-459D-8E68-1DA9ED92E5CD}"
EndProject
Project("{9A19103F-16F7-4668-BE54-9A1E7A4F7556}") = "API", "API\API.csproj", "{36F24580-94B9-4FAC-BDF7-1F394CA4D22D}"
EndProject
Global
	GlobalSection(SolutionConfigurationPlatforms) = preSolution
		Debug|Any CPU = Debug|Any CPU
		Release|Any CPU = Release|Any CPU
	EndGlobalSection
	GlobalSection(ProjectConfigurationPlatforms) = postSolution
		{4E17FECD-36D3-4F2D-AC34-35D32777860D}.Debug|Any CPU.ActiveCfg = Debug|Any CPU
		{4E17FECD-36D3-4F2D-AC34-35D32777860D}.Debug|Any CPU.Build.0 = Debug|Any CPU
		{4E17FECD-36D3-4F2D-AC34-35D32777860D}.Release|Any CPU.ActiveCfg = Release|Any CPU
		{4E17FECD-36D3-4F2D-AC34-35D32777860D}.Release|Any CPU.Build.0 = Release|Any CPU
		{23A33A79-DE2B-49F6-9C1B-AB90D9445C10}.Debug|Any CPU.ActiveCfg = Debug|Any CPU
		{23A33A79-DE2B-49F6-9C1B-AB90D9445C10}.Debug|Any CPU.Build.0 = Debug|Any CPU
		{23A33A79-DE2B-49F6-9C1B-AB90D9445C10}.Release|Any CPU.ActiveCfg = Release|Any CPU
		{23A33A79-DE2B-49F6-9C1B-AB90D9445C10}.Release|Any CPU.Build.0 = Release|Any CPU
		{3DD392B7-F12B-4DFF-BA34-74DAB9471A0C}.Debug|Any CPU.ActiveCfg = Debug|Any CPU
		{3DD392B7-F12B-4DFF-BA34-74DAB9471A0C}.Debug|Any CPU.Build.0 = Debug|Any CPU
		{3DD392B7-F12B-4DFF-BA34-74DAB9471A0C}.Release|Any CPU.ActiveCfg = Release|Any CPU
		{3DD392B7-F12B-4DFF-BA34-74DAB9471A0C}.Release|Any CPU.Build.0 = Release|Any CPU
		{F960A8FE-254B-459D-8E68-1DA9ED92E5CD}.Debug|Any CPU.ActiveCfg = Debug|Any CPU
		{F960A8FE-254B-459D-8E68-1DA9ED92E5CD}.Debug|Any CPU.Build.0 = Debug|Any CPU
		{F960A8FE-254B-459D-8E68-1DA9ED92E5CD}.Release|Any CPU.ActiveCfg = Release|Any CPU
		{F960A8FE-254B-459D-8E68-1DA9ED92E5CD}.Release|Any CPU.Build.0 = Release|Any CPU
		{36F24580-94B9-4FAC-BDF7-1F394CA4D22D}.Debug|Any CPU.ActiveCfg = Debug|Any CPU
		{36F24580-94B9-4FAC-BDF7-1F394CA4D22D}.Debug|Any CPU.Build.0 = Debug|Any CPU
		{36F24580-94B9-4FAC-BDF7-1F394CA4D22D}.Release|Any CPU.ActiveCfg = Release|Any CPU
		{36F24580-94B9-4FAC-BDF7-1F394CA4D22D}.Release|Any CPU.Build.0 = Release|Any CPU
	EndGlobalSection
	GlobalSection(SolutionProperties) = preSolution
		HideSolutionNode = FALSE
	EndGlobalSection
	GlobalSection(ExtensibilityGlobals) = postSolution
		SolutionGuid = {1DF33E2A-3110-466F-BD68-811B6FAE920F}
	EndGlobalSection
EndGlobal
